
Microsoft Visual Studio Solution File, Format Version 12.00
# Visual Studio Version 17
VisualStudioVersion = 17.5.33424.131
MinimumVisualStudioVersion = 10.0.40219.1
Project("{FAE04EC0-301F-11D3-BF4B-00C04F79EFBC}") = "ChallengeTotalApi", "ChallengeTotalApi.csproj", "{DE799341-D200-4A82-9203-816DE7D94CE2}"
EndProject
Global
	GlobalSection(SolutionConfigurationPlatforms) = preSolution
		Debug|Any CPU = Debug|Any CPU
		Release|Any CPU = Release|Any CPU
	EndGlobalSection
	GlobalSection(ProjectConfigurationPlatforms) = postSolution
		{DE799341-D200-4A82-9203-816DE7D94CE2}.Debug|Any CPU.ActiveCfg = Debug|Any CPU
		{DE799341-D200-4A82-9203-816DE7D94CE2}.Debug|Any CPU.Build.0 = Debug|Any CPU
		{DE799341-D200-4A82-9203-816DE7D94CE2}.Release|Any CPU.ActiveCfg = Release|Any CPU
		{DE799341-D200-4A82-9203-816DE7D94CE2}.Release|Any CPU.Build.0 = Release|Any CPU
	EndGlobalSection
	GlobalSection(SolutionProperties) = preSolution
		HideSolutionNode = FALSE
	EndGlobalSection
	GlobalSection(ExtensibilityGlobals) = postSolution
		SolutionGuid = {1D230BB4-E9C4-43DA-B929-A14F81423933}
	EndGlobalSection
EndGlobal
